
Microsoft Visual Studio Solution File, Format Version 12.00
Project("{FAE04EC0-301F-11D3-BF4B-00C04F79EFBC}") = "ShapeAreaLibrary", "ShapeAreaLibrary\ShapeAreaLibrary.csproj", "{B3E44048-561C-4350-8042-47EC5B08EE58}"
EndProject
Project("{2150E333-8FDC-42A3-9474-1A3956D46DE8}") = "Common", "Common", "{EB7E96A4-4614-4147-839A-F6D1BF3F046A}"
	ProjectSection(SolutionItems) = preProject
		README.md = README.md
	EndProjectSection
EndProject
Project("{FAE04EC0-301F-11D3-BF4B-00C04F79EFBC}") = "ShapeAreaLibrary.UnitTests", "ShapeAreaLibrary.UnitTests\ShapeAreaLibrary.UnitTests.csproj", "{AC0023DF-A9F1-4C77-893C-EFE9D94F1D6A}"
EndProject
Global
	GlobalSection(SolutionConfigurationPlatforms) = preSolution
		Debug|Any CPU = Debug|Any CPU
		Release|Any CPU = Release|Any CPU
	EndGlobalSection
	GlobalSection(ProjectConfigurationPlatforms) = postSolution
		{B3E44048-561C-4350-8042-47EC5B08EE58}.Debug|Any CPU.ActiveCfg = Debug|Any CPU
		{B3E44048-561C-4350-8042-47EC5B08EE58}.Debug|Any CPU.Build.0 = Debug|Any CPU
		{B3E44048-561C-4350-8042-47EC5B08EE58}.Release|Any CPU.ActiveCfg = Release|Any CPU
		{B3E44048-561C-4350-8042-47EC5B08EE58}.Release|Any CPU.Build.0 = Release|Any CPU
		{AC0023DF-A9F1-4C77-893C-EFE9D94F1D6A}.Debug|Any CPU.ActiveCfg = Debug|Any CPU
		{AC0023DF-A9F1-4C77-893C-EFE9D94F1D6A}.Debug|Any CPU.Build.0 = Debug|Any CPU
		{AC0023DF-A9F1-4C77-893C-EFE9D94F1D6A}.Release|Any CPU.ActiveCfg = Release|Any CPU
		{AC0023DF-A9F1-4C77-893C-EFE9D94F1D6A}.Release|Any CPU.Build.0 = Release|Any CPU
	EndGlobalSection
EndGlobal
